schema: '2.0'
stages:
  fetch_and_preprocess:
    cmd: "poetry run python src/data/fetch_save.py git commit -am \"Updated crypto
      data on `date` with DVC pipeline and GitHub workflows\" 2>$null git push 2>$null
      dvc push 2>$null\n"
    deps:
    - path: src/data/fetch_save.py
      hash: md5
      md5: 0cd8ab9acada3c74f25ef4a89a091d45
      size: 1623
    params:
      params.yaml:
        fetch.url: 
          https://api.coingecko.com/api/v3/simple/price?ids=bitcoin,ethereum,solana&vs_currencies=usd
    outs:
    - path: data/preprocessed/price
      hash: md5
      md5: 4b3888feaa89ae082fb635eec79607ca.dir
      size: 9000
      nfiles: 3
    - path: data/raw/crypto_prices.json
      hash: md5
      md5: b41ce91c2a20c1692afd25d93c99076c
      size: 150
  fetch_crypto_data:
    cmd: "poetry run python src/data/fetch_save.py git commit -am \"Updated crypto
      data on `date` with DVC pipeline and GitHub workflows\" 2>$null git push 2>$null
      dvc push 2>$null\n"
    deps:
    - path: src/data/fetch_save.py
      hash: md5
      md5: 0cd8ab9acada3c74f25ef4a89a091d45
      size: 1623
    params:
      params.yaml:
        fetch.url: 
          https://api.coingecko.com/api/v3/simple/price?ids=bitcoin,ethereum,solana&vs_currencies=usd
    outs:
    - path: data/preprocessed/price
      hash: md5
      md5: e7ef04da677411ed1f5f4bfdbef543d9.dir
      size: 10099
      nfiles: 3
    - path: data/raw/crypto_prices.json
      hash: md5
      md5: b67cb5d40cf9158178c3ac6ea32b6e88
      size: 150
  test_crypto_data:
    cmd: "poetry run python src/data/test_data.py\n"
    deps:
    - path: data/preprocessed/price/bitcoin.csv
      hash: md5
      md5: fdfe8fae548c493c0fa38485c8c53cd8
      size: 3263
    - path: data/preprocessed/price/ethereum.csv
      hash: md5
      md5: 403ad225a5af87a9f2237c6a7578cc0f
      size: 3482
    - path: data/preprocessed/price/solana.csv
      hash: md5
      md5: 3606c96b03a2619cc644a93f8a441396
      size: 3354
    - path: src/data/test_data.py
      hash: md5
      md5: d5cfa3f9534ea2252798db10125f6704
      size: 9124
    outs:
    - path: reports/bitcoin_data_testing_report.html
      hash: md5
      md5: db2a424fa2b142639c455257e8579164
      size: 4182938
    - path: reports/ethereum_data_testing_report.html
      hash: md5
      md5: 805cf0210dc8fe42de0b9a994c9e0a60
      size: 4183452
    - path: reports/solana_data_testing_report.html
      hash: md5
      md5: 79a1b167d958c14d248f4599d794f81e
      size: 4182835
  fetch_fear_greed_data:
    cmd: "poetry run python src/data/fetch_fear_greed.py git add data\\preprocessed\\
      fear_greed.dvc git commit -m \"Updated Fear and Greed data and DVC tracking\"\
      \ git push dvc push 2>$null\n"
    deps:
    - path: params.yaml
      hash: md5
      md5: 836f413164047ef39170950d032b534f
      size: 545
    - path: src/data/fetch_fear_greed.py
      hash: md5
      md5: bc714ff151068cc69e3dc77b41ad42bb
      size: 3062
    params:
      params.yaml:
        fetch.fear_greed_url: https://api.alternative.me/fng/?limit=10&format=json&date_format=world
        preprocess.fear_greed_output_dir: data/preprocessed/fear_greed
        preprocess.fear_greed_output_filename: fear_greed_index.csv
    outs:
    - path: data/preprocessed/fear_greed
      hash: md5
      md5: c1a9388d04b610cb9fadaa0c0136a2a9.dir
      size: 329
      nfiles: 1
