schema: '2.0'
stages:
  fetch_and_preprocess:
    cmd: "poetry run python src/data/fetch_save.py git commit -am \"Updated crypto
      data on `date` with DVC pipeline and GitHub workflows\" 2>$null git push 2>$null
      dvc push 2>$null\n"
    deps:
    - path: src/data/fetch_save.py
      hash: md5
      md5: 0cd8ab9acada3c74f25ef4a89a091d45
      size: 1623
    params:
      params.yaml:
        fetch.url: 
          https://api.coingecko.com/api/v3/simple/price?ids=bitcoin,ethereum,solana&vs_currencies=usd
    outs:
    - path: data/preprocessed/price
      hash: md5
      md5: 4b3888feaa89ae082fb635eec79607ca.dir
      size: 9000
      nfiles: 3
    - path: data/raw/crypto_prices.json
      hash: md5
      md5: b41ce91c2a20c1692afd25d93c99076c
      size: 150
  fetch_crypto_data:
    cmd: "poetry run python src/data/fetch_save.py\n"
    deps:
    - path: src/data/fetch_save.py
      hash: md5
      md5: 0cd8ab9acada3c74f25ef4a89a091d45
      size: 1623
    params:
      params.yaml:
        fetch.url: 
          https://api.coingecko.com/api/v3/simple/price?ids=bitcoin,ethereum,solana&vs_currencies=usd
    outs:
    - path: data/preprocessed/price
      hash: md5
      md5: 4e870a19023e83d2319995edaf4479ee.dir
      size: 19595
      nfiles: 3
    - path: data/raw/crypto_prices.json
      hash: md5
      md5: b0193a7cff434ddada20308c382f3f67
      size: 140
  test_crypto_data:
    cmd: "poetry run python src/data/test_data.py\n"
    deps:
    - path: data/preprocessed/price/bitcoin.csv
      hash: md5
      md5: 943db3047f51a2cacc31ebc00b5b691a
      size: 6399
    - path: data/preprocessed/price/ethereum.csv
      hash: md5
      md5: 5afff664a7245c086af43436582c8a9b
      size: 6721
    - path: data/preprocessed/price/solana.csv
      hash: md5
      md5: 7ee0b41d8b86c3234196793b5277a696
      size: 6475
    - path: src/data/test_data.py
      hash: md5
      md5: 1f567cf1ace0b68b99b456df0cf2536e
      size: 10042
    outs:
    - path: reports/bitcoin_data_testing_report.html
      hash: md5
      md5: 41330a77a77cc87aad2d7f8a13866741
      size: 3600316
    - path: reports/ethereum_data_testing_report.html
      hash: md5
      md5: 9e4783fbb8ea68f3fd3ccf5072e6d470
      size: 3601298
    - path: reports/solana_data_testing_report.html
      hash: md5
      md5: b4b6ef2e1eda0a5eaf05431b6326a1ce
      size: 3600224
  fetch_fear_greed_data:
    cmd: "poetry run python src/data/fetch_fear_greed.py\n"
    deps:
    - path: params.yaml
      hash: md5
      md5: 0533c6a446093d5f3acbb8cb09e41c0b
      size: 530
    - path: src/data/fetch_fear_greed.py
      hash: md5
      md5: 81367a26d0008828a38aa40058acf4eb
      size: 2972
    params:
      params.yaml:
        fetch.fear_greed_url: https://api.alternative.me/fng/?limit=10&format=json&date_format=world
        preprocess.fear_greed_output_dir: data/preprocessed/fear_greed
        preprocess.fear_greed_output_filename: fear_greed_index.csv
    outs:
    - path: data/preprocessed/fear_greed
      hash: md5
      md5: d3da32da6460c6104d1701a8fd997115.dir
      size: 541
      nfiles: 1
  validate_data:
    cmd: "cd gx && poetry run python run_checkpoint.py fear_greed_checkpoint && poetry
      run python run_checkpoint.py solana_checkpoint && poetry run python run_checkpoint.py
      ethereum_checkpoint && poetry run python run_checkpoint.py bitcoin_checkpoint
      && cd ..\n"
    deps:
    - path: data/preprocessed/fear_greed/fear_greed_index.csv
      hash: md5
      md5: 6eb8738fe3c7724f9061e4ad789dbf40
      size: 541
    - path: data/preprocessed/price/bitcoin.csv
      hash: md5
      md5: 943db3047f51a2cacc31ebc00b5b691a
      size: 6399
    - path: data/preprocessed/price/ethereum.csv
      hash: md5
      md5: 5afff664a7245c086af43436582c8a9b
      size: 6721
    - path: data/preprocessed/price/solana.csv
      hash: md5
      md5: 7ee0b41d8b86c3234196793b5277a696
      size: 6475
    - path: gx/checkpoints/bitcoin_checkpoint.yml
      hash: md5
      md5: b4513022898e9f80b9be2f06c4e82644
      size: 758
    - path: gx/checkpoints/ethereum_checkpoint.yml
      hash: md5
      md5: 3982f5e4a7ac5e2bd378863583875ae6
      size: 761
    - path: gx/checkpoints/fear_greed_checkpoint.yml
      hash: md5
      md5: c036cb2ed42eaa7ac6b306518c5cca6f
      size: 767
    - path: gx/checkpoints/solana_checkpoint.yml
      hash: md5
      md5: 0ce78b78f47fb420af68ac8882552812
      size: 755
    - path: gx/run_checkpoint.py
      hash: md5
      md5: 84022b573c1cf35239fb2705de8e53a6
      size: 1026
    outs:
    - path: gx/uncommitted/data_docs/local_site/validations/bitcoin_suite
      hash: md5
      md5: 61b7e5f96e7310845230a26ede2405d2.dir
      size: 48675
      nfiles: 1
    - path: gx/uncommitted/data_docs/local_site/validations/ethereum_suite
      hash: md5
      md5: 069234bb2fd7a390ef6cc6bcc46477da.dir
      size: 48680
      nfiles: 1
    - path: gx/uncommitted/data_docs/local_site/validations/fear_greed_suite
      hash: md5
      md5: b6ce637f4bc00f648904c0846e0f29fd.dir
      size: 56778
      nfiles: 1
    - path: gx/uncommitted/data_docs/local_site/validations/solana_suite
      hash: md5
      md5: abf21c2cbd60c0f7f492b8a45b5176b5.dir
      size: 48666
      nfiles: 1
  train_models:
    cmd: "poetry run python src/model/train_models.py\n"
    deps:
    - path: data/preprocessed/fear_greed/fear_greed_index.csv
      hash: md5
      md5: 6eb8738fe3c7724f9061e4ad789dbf40
      size: 541
    - path: data/preprocessed/price/bitcoin.csv
      hash: md5
      md5: 943db3047f51a2cacc31ebc00b5b691a
      size: 6399
    - path: data/preprocessed/price/ethereum.csv
      hash: md5
      md5: 5afff664a7245c086af43436582c8a9b
      size: 6721
    - path: data/preprocessed/price/solana.csv
      hash: md5
      md5: 7ee0b41d8b86c3234196793b5277a696
      size: 6475
    - path: src/model/train_models.py
      hash: md5
      md5: fe0e0a3c99347047a518e0445cd3fd44
      size: 9174
    outs:
    - path: models/
      hash: md5
      md5: 375d9d859934c1cd6d900767c0388a2d.dir
      size: 484310
      nfiles: 24
