schema: '2.0'
stages:
  fetch_and_preprocess:
    cmd: "poetry run python src/data/fetch_save.py git commit -am \"Updated crypto
      data on `date` with DVC pipeline and GitHub workflows\" 2>$null git push 2>$null
      dvc push 2>$null\n"
    deps:
    - path: src/data/fetch_save.py
      hash: md5
      md5: 0cd8ab9acada3c74f25ef4a89a091d45
      size: 1623
    params:
      params.yaml:
        fetch.url: 
          https://api.coingecko.com/api/v3/simple/price?ids=bitcoin,ethereum,solana&vs_currencies=usd
    outs:
    - path: data/preprocessed/price
      hash: md5
      md5: 4b3888feaa89ae082fb635eec79607ca.dir
      size: 9000
      nfiles: 3
    - path: data/raw/crypto_prices.json
      hash: md5
      md5: b41ce91c2a20c1692afd25d93c99076c
      size: 150
  fetch_crypto_data:
    cmd: "poetry run python src/data/fetch_save.py\n"
    deps:
    - path: src/data/fetch_save.py
      hash: md5
      md5: 0cd8ab9acada3c74f25ef4a89a091d45
      size: 1623
    params:
      params.yaml:
        fetch.url: 
          https://api.coingecko.com/api/v3/simple/price?ids=bitcoin,ethereum,solana&vs_currencies=usd
    outs:
    - path: data/preprocessed/price
      hash: md5
      md5: 083bcee48f82c894d56ec17688f10a68.dir
      size: 12562
      nfiles: 3
    - path: data/raw/crypto_prices.json
      hash: md5
      md5: fd33e2eb8087fec728a9799519493013
      size: 141
  test_crypto_data:
    cmd: "poetry run python src/data/test_data.py\n"
    deps:
    - path: data/preprocessed/price/bitcoin.csv
      hash: md5
      md5: f6786e282c39cc1aae3319cbc8cb72f5
      size: 4075
    - path: data/preprocessed/price/ethereum.csv
      hash: md5
      md5: 4fdf54d134cdb2dd7317b826b2bb44fb
      size: 4323
    - path: data/preprocessed/price/solana.csv
      hash: md5
      md5: d3832e0f101f19d8bd590db0e93da71e
      size: 4164
    - path: src/data/test_data.py
      hash: md5
      md5: 1f567cf1ace0b68b99b456df0cf2536e
      size: 10042
    outs:
    - path: reports/bitcoin_data_testing_report.html
      hash: md5
      md5: 94a03457466b3359f76117875b509277
      size: 3597640
    - path: reports/ethereum_data_testing_report.html
      hash: md5
      md5: 21bb7aad75085c0b218a374cad51ec81
      size: 3597594
    - path: reports/solana_data_testing_report.html
      hash: md5
      md5: 432ac659ca186e1f02812c9241909505
      size: 3595634
  fetch_fear_greed_data:
    cmd: "poetry run python src/data/fetch_fear_greed.py\n"
    deps:
    - path: params.yaml
      hash: md5
      md5: 0533c6a446093d5f3acbb8cb09e41c0b
      size: 530
    - path: src/data/fetch_fear_greed.py
      hash: md5
      md5: 81367a26d0008828a38aa40058acf4eb
      size: 2972
    params:
      params.yaml:
        fetch.fear_greed_url: https://api.alternative.me/fng/?limit=10&format=json&date_format=world
        preprocess.fear_greed_output_dir: data/preprocessed/fear_greed
        preprocess.fear_greed_output_filename: fear_greed_index.csv
    outs:
    - path: data/preprocessed/fear_greed
      hash: md5
      md5: fa01656bf0473083dd2779601c044194.dir
      size: 457
      nfiles: 1
  validate_data:
    cmd: "cd gx && poetry run python run_checkpoint.py fear_greed_checkpoint && poetry
      run python run_checkpoint.py solana_checkpoint && poetry run python run_checkpoint.py
      ethereum_checkpoint && poetry run python run_checkpoint.py bitcoin_checkpoint
      && cd ..\n"
    deps:
    - path: data/preprocessed/fear_greed/fear_greed_index.csv
      hash: md5
      md5: 6322f61bf2e32a21bf070d354dc70120
      size: 457
    - path: data/preprocessed/price/bitcoin.csv
      hash: md5
      md5: f6786e282c39cc1aae3319cbc8cb72f5
      size: 4075
    - path: data/preprocessed/price/ethereum.csv
      hash: md5
      md5: 4fdf54d134cdb2dd7317b826b2bb44fb
      size: 4323
    - path: data/preprocessed/price/solana.csv
      hash: md5
      md5: d3832e0f101f19d8bd590db0e93da71e
      size: 4164
    - path: gx/checkpoints/bitcoin_checkpoint.yml
      hash: md5
      md5: b4513022898e9f80b9be2f06c4e82644
      size: 758
    - path: gx/checkpoints/ethereum_checkpoint.yml
      hash: md5
      md5: 3982f5e4a7ac5e2bd378863583875ae6
      size: 761
    - path: gx/checkpoints/fear_greed_checkpoint.yml
      hash: md5
      md5: c036cb2ed42eaa7ac6b306518c5cca6f
      size: 767
    - path: gx/checkpoints/solana_checkpoint.yml
      hash: md5
      md5: 0ce78b78f47fb420af68ac8882552812
      size: 755
    - path: gx/run_checkpoint.py
      hash: md5
      md5: 84022b573c1cf35239fb2705de8e53a6
      size: 1026
    outs:
    - path: gx/uncommitted/data_docs/local_site/validations/bitcoin_suite
      hash: md5
      md5: 30ed333d9db76964ffbd00e86522e845.dir
      size: 48675
      nfiles: 1
    - path: gx/uncommitted/data_docs/local_site/validations/ethereum_suite
      hash: md5
      md5: f36bd87ffad022b3e8f586d4049ea7f6.dir
      size: 48680
      nfiles: 1
    - path: gx/uncommitted/data_docs/local_site/validations/fear_greed_suite
      hash: md5
      md5: c21203e6d81aadf1574eb721679a3d6d.dir
      size: 56778
      nfiles: 1
    - path: gx/uncommitted/data_docs/local_site/validations/solana_suite
      hash: md5
      md5: 3ebfe2bb8ae52d33f78039a46e4d1b16.dir
      size: 48666
      nfiles: 1
  train_models:
    cmd: "poetry run python src/model/train_models.py\n"
    deps:
    - path: data/preprocessed/fear_greed/fear_greed_index.csv
      hash: md5
      md5: 6322f61bf2e32a21bf070d354dc70120
      size: 457
    - path: data/preprocessed/price/bitcoin.csv
      hash: md5
      md5: f6786e282c39cc1aae3319cbc8cb72f5
      size: 4075
    - path: data/preprocessed/price/ethereum.csv
      hash: md5
      md5: 4fdf54d134cdb2dd7317b826b2bb44fb
      size: 4323
    - path: data/preprocessed/price/solana.csv
      hash: md5
      md5: d3832e0f101f19d8bd590db0e93da71e
      size: 4164
    - path: src/model/train_models.py
      hash: md5
      md5: 738da46a85a92b4ad19124487ae35cb0
      size: 9957
    outs:
    - path: models/
      hash: md5
      md5: 05c13ddce5ae29c9bcb342bc28152920.dir
      size: 9657546
      nfiles: 24
